
Microsoft Visual Studio Solution File, Format Version 12.00
Project("{FAE04EC0-301F-11D3-BF4B-00C04F79EFBC}") = "Application", "Application\Application.csproj", "{1CEF8679-EF2F-4AEE-A346-4C2AD779B645}"
EndProject
Project("{FAE04EC0-301F-11D3-BF4B-00C04F79EFBC}") = "Domain", "Domain\Domain.csproj", "{9BC3DDED-3ACC-4F8B-A4BC-B9A83E5C163A}"
EndProject
Project("{2150E333-8FDC-42A3-9474-1A3956D46DE8}") = "Core", "Core", "{DDF7A5F8-C485-470A-B1D2-C61FCAEBA323}"
EndProject
Project("{2150E333-8FDC-42A3-9474-1A3956D46DE8}") = "External", "External", "{40BEF34B-3995-4D1E-89E6-DC81E7DEF3C7}"
EndProject
Project("{FAE04EC0-301F-11D3-BF4B-00C04F79EFBC}") = "Infrastructure", "Infrastructure\Infrastructure.csproj", "{E2C812B6-2EB0-4FFA-BE4B-F02593D9BB2E}"
EndProject
Project("{FAE04EC0-301F-11D3-BF4B-00C04F79EFBC}") = "Presentation", "Presentation\Presentation.csproj", "{EAEC0EE9-4E13-4309-AE44-048CBFE0056B}"
EndProject
Project("{2150E333-8FDC-42A3-9474-1A3956D46DE8}") = "Test", "Test", "{7B24EB93-CBEB-4FE5-BF39-F582136E507A}"
EndProject
Project("{FAE04EC0-301F-11D3-BF4B-00C04F79EFBC}") = "Architecture_Test", "Architecture_Test\Architecture_Test.csproj", "{CB8F149C-CBDD-4752-81D5-EBFD890A3151}"
EndProject
Project("{FAE04EC0-301F-11D3-BF4B-00C04F79EFBC}") = "Web", "Web\Web.csproj", "{23A843EC-1635-4D1D-B52C-546A58E0ED31}"
EndProject
Project("{2150E333-8FDC-42A3-9474-1A3956D46DE8}") = "Playground", "Playground", "{39A2E0A4-CA5C-49B4-9300-0202C1EF68D5}"
EndProject
Project("{FAE04EC0-301F-11D3-BF4B-00C04F79EFBC}") = "xd", "xd\xd.csproj", "{534CAB59-22E9-439A-8572-B0DAA3E03685}"
EndProject
Project("{FAE04EC0-301F-11D3-BF4B-00C04F79EFBC}") = "Benchmarks", "Benchmarks\Benchmarks.csproj", "{DF10342A-BD1A-4765-B55B-C28AFF92440F}"
EndProject
Project("{2150E333-8FDC-42A3-9474-1A3956D46DE8}") = "Contracts", "Contracts", "{B6E1D94A-A5F2-4367-82B3-358AD0871A84}"
EndProject
Project("{FAE04EC0-301F-11D3-BF4B-00C04F79EFBC}") = "Contracts", "Contracts\Contracts\Contracts.csproj", "{0216C9B0-8A8B-4808-A32E-683939264BC7}"
EndProject
Project("{2150E333-8FDC-42A3-9474-1A3956D46DE8}") = "Application", "Application", "{9084C9E8-6B0F-4F44-A215-04E255B73E2A}"
EndProject
Project("{FAE04EC0-301F-11D3-BF4B-00C04F79EFBC}") = "Application_UnitTests", "Application_UnitTests\Application_UnitTests.csproj", "{69692DC7-BBE5-407C-A7B9-6CF46B12C125}"
EndProject
Project("{2150E333-8FDC-42A3-9474-1A3956D46DE8}") = "Utils", "Utils", "{D722856F-A5F8-49AB-A2DD-A8921F7BC7EB}"
EndProject
Project("{FAE04EC0-301F-11D3-BF4B-00C04F79EFBC}") = "PriorityQueue", "PriorityQueue\PriorityQueue.csproj", "{EFB56718-149F-437A-AC01-9A802B2F9F35}"
EndProject
Global
	GlobalSection(SolutionConfigurationPlatforms) = preSolution
		Debug|Any CPU = Debug|Any CPU
		Release|Any CPU = Release|Any CPU
	EndGlobalSection
	GlobalSection(ProjectConfigurationPlatforms) = postSolution
		{1CEF8679-EF2F-4AEE-A346-4C2AD779B645}.Debug|Any CPU.ActiveCfg = Debug|Any CPU
		{1CEF8679-EF2F-4AEE-A346-4C2AD779B645}.Debug|Any CPU.Build.0 = Debug|Any CPU
		{1CEF8679-EF2F-4AEE-A346-4C2AD779B645}.Release|Any CPU.ActiveCfg = Release|Any CPU
		{1CEF8679-EF2F-4AEE-A346-4C2AD779B645}.Release|Any CPU.Build.0 = Release|Any CPU
		{9BC3DDED-3ACC-4F8B-A4BC-B9A83E5C163A}.Debug|Any CPU.ActiveCfg = Debug|Any CPU
		{9BC3DDED-3ACC-4F8B-A4BC-B9A83E5C163A}.Debug|Any CPU.Build.0 = Debug|Any CPU
		{9BC3DDED-3ACC-4F8B-A4BC-B9A83E5C163A}.Release|Any CPU.ActiveCfg = Release|Any CPU
		{9BC3DDED-3ACC-4F8B-A4BC-B9A83E5C163A}.Release|Any CPU.Build.0 = Release|Any CPU
		{E2C812B6-2EB0-4FFA-BE4B-F02593D9BB2E}.Debug|Any CPU.ActiveCfg = Debug|Any CPU
		{E2C812B6-2EB0-4FFA-BE4B-F02593D9BB2E}.Debug|Any CPU.Build.0 = Debug|Any CPU
		{E2C812B6-2EB0-4FFA-BE4B-F02593D9BB2E}.Release|Any CPU.ActiveCfg = Release|Any CPU
		{E2C812B6-2EB0-4FFA-BE4B-F02593D9BB2E}.Release|Any CPU.Build.0 = Release|Any CPU
		{EAEC0EE9-4E13-4309-AE44-048CBFE0056B}.Debug|Any CPU.ActiveCfg = Debug|Any CPU
		{EAEC0EE9-4E13-4309-AE44-048CBFE0056B}.Debug|Any CPU.Build.0 = Debug|Any CPU
		{EAEC0EE9-4E13-4309-AE44-048CBFE0056B}.Release|Any CPU.ActiveCfg = Release|Any CPU
		{EAEC0EE9-4E13-4309-AE44-048CBFE0056B}.Release|Any CPU.Build.0 = Release|Any CPU
		{CB8F149C-CBDD-4752-81D5-EBFD890A3151}.Debug|Any CPU.ActiveCfg = Debug|Any CPU
		{CB8F149C-CBDD-4752-81D5-EBFD890A3151}.Debug|Any CPU.Build.0 = Debug|Any CPU
		{CB8F149C-CBDD-4752-81D5-EBFD890A3151}.Release|Any CPU.ActiveCfg = Release|Any CPU
		{CB8F149C-CBDD-4752-81D5-EBFD890A3151}.Release|Any CPU.Build.0 = Release|Any CPU
		{23A843EC-1635-4D1D-B52C-546A58E0ED31}.Debug|Any CPU.ActiveCfg = Debug|Any CPU
		{23A843EC-1635-4D1D-B52C-546A58E0ED31}.Debug|Any CPU.Build.0 = Debug|Any CPU
		{23A843EC-1635-4D1D-B52C-546A58E0ED31}.Release|Any CPU.ActiveCfg = Release|Any CPU
		{23A843EC-1635-4D1D-B52C-546A58E0ED31}.Release|Any CPU.Build.0 = Release|Any CPU
		{534CAB59-22E9-439A-8572-B0DAA3E03685}.Debug|Any CPU.ActiveCfg = Debug|Any CPU
		{534CAB59-22E9-439A-8572-B0DAA3E03685}.Debug|Any CPU.Build.0 = Debug|Any CPU
		{534CAB59-22E9-439A-8572-B0DAA3E03685}.Release|Any CPU.ActiveCfg = Release|Any CPU
		{534CAB59-22E9-439A-8572-B0DAA3E03685}.Release|Any CPU.Build.0 = Release|Any CPU
		{DF10342A-BD1A-4765-B55B-C28AFF92440F}.Debug|Any CPU.ActiveCfg = Debug|Any CPU
		{DF10342A-BD1A-4765-B55B-C28AFF92440F}.Debug|Any CPU.Build.0 = Debug|Any CPU
		{DF10342A-BD1A-4765-B55B-C28AFF92440F}.Release|Any CPU.ActiveCfg = Release|Any CPU
		{DF10342A-BD1A-4765-B55B-C28AFF92440F}.Release|Any CPU.Build.0 = Release|Any CPU
		{0216C9B0-8A8B-4808-A32E-683939264BC7}.Debug|Any CPU.ActiveCfg = Debug|Any CPU
		{0216C9B0-8A8B-4808-A32E-683939264BC7}.Debug|Any CPU.Build.0 = Debug|Any CPU
		{0216C9B0-8A8B-4808-A32E-683939264BC7}.Release|Any CPU.ActiveCfg = Release|Any CPU
		{0216C9B0-8A8B-4808-A32E-683939264BC7}.Release|Any CPU.Build.0 = Release|Any CPU
		{69692DC7-BBE5-407C-A7B9-6CF46B12C125}.Debug|Any CPU.ActiveCfg = Debug|Any CPU
		{69692DC7-BBE5-407C-A7B9-6CF46B12C125}.Debug|Any CPU.Build.0 = Debug|Any CPU
		{69692DC7-BBE5-407C-A7B9-6CF46B12C125}.Release|Any CPU.ActiveCfg = Release|Any CPU
		{69692DC7-BBE5-407C-A7B9-6CF46B12C125}.Release|Any CPU.Build.0 = Release|Any CPU
		{EFB56718-149F-437A-AC01-9A802B2F9F35}.Debug|Any CPU.ActiveCfg = Debug|Any CPU
		{EFB56718-149F-437A-AC01-9A802B2F9F35}.Debug|Any CPU.Build.0 = Debug|Any CPU
		{EFB56718-149F-437A-AC01-9A802B2F9F35}.Release|Any CPU.ActiveCfg = Release|Any CPU
		{EFB56718-149F-437A-AC01-9A802B2F9F35}.Release|Any CPU.Build.0 = Release|Any CPU
	EndGlobalSection
	GlobalSection(NestedProjects) = preSolution
		{1CEF8679-EF2F-4AEE-A346-4C2AD779B645} = {DDF7A5F8-C485-470A-B1D2-C61FCAEBA323}
		{9BC3DDED-3ACC-4F8B-A4BC-B9A83E5C163A} = {DDF7A5F8-C485-470A-B1D2-C61FCAEBA323}
		{E2C812B6-2EB0-4FFA-BE4B-F02593D9BB2E} = {40BEF34B-3995-4D1E-89E6-DC81E7DEF3C7}
		{EAEC0EE9-4E13-4309-AE44-048CBFE0056B} = {40BEF34B-3995-4D1E-89E6-DC81E7DEF3C7}
		{CB8F149C-CBDD-4752-81D5-EBFD890A3151} = {7B24EB93-CBEB-4FE5-BF39-F582136E507A}
		{534CAB59-22E9-439A-8572-B0DAA3E03685} = {39A2E0A4-CA5C-49B4-9300-0202C1EF68D5}
		{DF10342A-BD1A-4765-B55B-C28AFF92440F} = {39A2E0A4-CA5C-49B4-9300-0202C1EF68D5}
		{0216C9B0-8A8B-4808-A32E-683939264BC7} = {B6E1D94A-A5F2-4367-82B3-358AD0871A84}
		{9084C9E8-6B0F-4F44-A215-04E255B73E2A} = {7B24EB93-CBEB-4FE5-BF39-F582136E507A}
		{69692DC7-BBE5-407C-A7B9-6CF46B12C125} = {9084C9E8-6B0F-4F44-A215-04E255B73E2A}
		{EFB56718-149F-437A-AC01-9A802B2F9F35} = {D722856F-A5F8-49AB-A2DD-A8921F7BC7EB}
	EndGlobalSection
EndGlobal
